{
  "name": "egf-ccc-empty",
  "version": "1.0.0",
  "lockfileVersion": 1,
  "requires": true,
  "dependencies": {
    "@ailhc/egf-core": {
      "version": "0.1.4",
      "resolved": "https://registry.npm.taobao.org/@ailhc/egf-core/download/@ailhc/egf-core-0.1.4.tgz",
      "integrity": "sha1-jM6EjRWkmN6jchkciHGKy2NX8kI="
    }
  }
}
